
Microsoft Visual Studio Solution File, Format Version 11.00
# Visual Studio 2010
Project("{FAE04EC0-301F-11D3-BF4B-00C04F79EFBC}") = "FingerCollVirtual", "..\FingerCollVirtual\FingerCollVirtual.csproj", "{DE8281C7-B140-4B07-B066-BFD36D4D09B6}"
EndProject
Project("{FAE04EC0-301F-11D3-BF4B-00C04F79EFBC}") = "FingerColaborator", "FingerColaborator.csproj", "{CB5CE1BF-37D4-45EC-AD35-4F3B0E1DD78F}"
EndProject
Project("{FAE04EC0-301F-11D3-BF4B-00C04F79EFBC}") = "testerfingercolaboratorctx", "..\testerfingercolaboratorctx\testerfingercolaboratorctx.csproj", "{E1972007-C19B-44A4-9C73-17E9A8088B66}"
EndProject
Global
	GlobalSection(SolutionConfigurationPlatforms) = preSolution
		Debug|Any CPU = Debug|Any CPU
		Debug|Mixed Platforms = Debug|Mixed Platforms
		Debug|x86 = Debug|x86
		Release|Any CPU = Release|Any CPU
		Release|Mixed Platforms = Release|Mixed Platforms
		Release|x86 = Release|x86
	EndGlobalSection
	GlobalSection(ProjectConfigurationPlatforms) = postSolution
		{DE8281C7-B140-4B07-B066-BFD36D4D09B6}.Debug|Any CPU.ActiveCfg = Debug|x86
		{DE8281C7-B140-4B07-B066-BFD36D4D09B6}.Debug|Mixed Platforms.ActiveCfg = Debug|x86
		{DE8281C7-B140-4B07-B066-BFD36D4D09B6}.Debug|Mixed Platforms.Build.0 = Debug|x86
		{DE8281C7-B140-4B07-B066-BFD36D4D09B6}.Debug|x86.ActiveCfg = Debug|x86
		{DE8281C7-B140-4B07-B066-BFD36D4D09B6}.Debug|x86.Build.0 = Debug|x86
		{DE8281C7-B140-4B07-B066-BFD36D4D09B6}.Release|Any CPU.ActiveCfg = Release|x86
		{DE8281C7-B140-4B07-B066-BFD36D4D09B6}.Release|Mixed Platforms.ActiveCfg = Release|x86
		{DE8281C7-B140-4B07-B066-BFD36D4D09B6}.Release|Mixed Platforms.Build.0 = Release|x86
		{DE8281C7-B140-4B07-B066-BFD36D4D09B6}.Release|x86.ActiveCfg = Release|x86
		{DE8281C7-B140-4B07-B066-BFD36D4D09B6}.Release|x86.Build.0 = Release|x86
		{CB5CE1BF-37D4-45EC-AD35-4F3B0E1DD78F}.Debug|Any CPU.ActiveCfg = Debug|Any CPU
		{CB5CE1BF-37D4-45EC-AD35-4F3B0E1DD78F}.Debug|Any CPU.Build.0 = Debug|Any CPU
		{CB5CE1BF-37D4-45EC-AD35-4F3B0E1DD78F}.Debug|Mixed Platforms.ActiveCfg = Debug|Any CPU
		{CB5CE1BF-37D4-45EC-AD35-4F3B0E1DD78F}.Debug|Mixed Platforms.Build.0 = Debug|Any CPU
		{CB5CE1BF-37D4-45EC-AD35-4F3B0E1DD78F}.Debug|x86.ActiveCfg = Debug|Any CPU
		{CB5CE1BF-37D4-45EC-AD35-4F3B0E1DD78F}.Release|Any CPU.ActiveCfg = Release|Any CPU
		{CB5CE1BF-37D4-45EC-AD35-4F3B0E1DD78F}.Release|Any CPU.Build.0 = Release|Any CPU
		{CB5CE1BF-37D4-45EC-AD35-4F3B0E1DD78F}.Release|Mixed Platforms.ActiveCfg = Release|Any CPU
		{CB5CE1BF-37D4-45EC-AD35-4F3B0E1DD78F}.Release|Mixed Platforms.Build.0 = Release|Any CPU
		{CB5CE1BF-37D4-45EC-AD35-4F3B0E1DD78F}.Release|x86.ActiveCfg = Release|Any CPU
		{E1972007-C19B-44A4-9C73-17E9A8088B66}.Debug|Any CPU.ActiveCfg = Debug|x86
		{E1972007-C19B-44A4-9C73-17E9A8088B66}.Debug|Mixed Platforms.ActiveCfg = Debug|x86
		{E1972007-C19B-44A4-9C73-17E9A8088B66}.Debug|Mixed Platforms.Build.0 = Debug|x86
		{E1972007-C19B-44A4-9C73-17E9A8088B66}.Debug|x86.ActiveCfg = Debug|x86
		{E1972007-C19B-44A4-9C73-17E9A8088B66}.Debug|x86.Build.0 = Debug|x86
		{E1972007-C19B-44A4-9C73-17E9A8088B66}.Release|Any CPU.ActiveCfg = Release|x86
		{E1972007-C19B-44A4-9C73-17E9A8088B66}.Release|Mixed Platforms.ActiveCfg = Release|x86
		{E1972007-C19B-44A4-9C73-17E9A8088B66}.Release|Mixed Platforms.Build.0 = Release|x86
		{E1972007-C19B-44A4-9C73-17E9A8088B66}.Release|x86.ActiveCfg = Release|x86
		{E1972007-C19B-44A4-9C73-17E9A8088B66}.Release|x86.Build.0 = Release|x86
	EndGlobalSection
	GlobalSection(SolutionProperties) = preSolution
		HideSolutionNode = FALSE
	EndGlobalSection
EndGlobal
